
Microsoft Visual Studio Solution File, Format Version 12.00
# Visual Studio Version 17
VisualStudioVersion = 17.3.32929.385
MinimumVisualStudioVersion = 10.0.40219.1
Project("{FAE04EC0-301F-11D3-BF4B-00C04F79EFBC}") = "Lib_BML", "Lib_BML\Lib_BML.csproj", "{B20F8762-1DEC-43B9-A822-8E06EDD8358C}"
EndProject
Project("{9A19103F-16F7-4668-BE54-9A1E7A4F7556}") = "POC_BML_Client", "POC_BML_Client\POC_BML_Client.csproj", "{24819B0D-F080-454C-9DDA-74101EDC6C5B}"
EndProject
Global
	GlobalSection(SolutionConfigurationPlatforms) = preSolution
		Debug|Any CPU = Debug|Any CPU
		Release|Any CPU = Release|Any CPU
	EndGlobalSection
	GlobalSection(ProjectConfigurationPlatforms) = postSolution
		{B20F8762-1DEC-43B9-A822-8E06EDD8358C}.Debug|Any CPU.ActiveCfg = Debug|Any CPU
		{B20F8762-1DEC-43B9-A822-8E06EDD8358C}.Debug|Any CPU.Build.0 = Debug|Any CPU
		{B20F8762-1DEC-43B9-A822-8E06EDD8358C}.Release|Any CPU.ActiveCfg = Release|Any CPU
		{B20F8762-1DEC-43B9-A822-8E06EDD8358C}.Release|Any CPU.Build.0 = Release|Any CPU
		{24819B0D-F080-454C-9DDA-74101EDC6C5B}.Debug|Any CPU.ActiveCfg = Debug|Any CPU
		{24819B0D-F080-454C-9DDA-74101EDC6C5B}.Debug|Any CPU.Build.0 = Debug|Any CPU
		{24819B0D-F080-454C-9DDA-74101EDC6C5B}.Release|Any CPU.ActiveCfg = Release|Any CPU
		{24819B0D-F080-454C-9DDA-74101EDC6C5B}.Release|Any CPU.Build.0 = Release|Any CPU
	EndGlobalSection
	GlobalSection(SolutionProperties) = preSolution
		HideSolutionNode = FALSE
	EndGlobalSection
	GlobalSection(ExtensibilityGlobals) = postSolution
		SolutionGuid = {25DD25AB-80A9-428B-AE65-4B61F373AE26}
	EndGlobalSection
EndGlobal
